
Microsoft Visual Studio Solution File, Format Version 12.00
# Visual Studio Version 16
VisualStudioVersion = 16.0.30611.23
MinimumVisualStudioVersion = 10.0.40219.1
Project("{FAE04EC0-301F-11D3-BF4B-00C04F79EFBC}") = "course_work_2", "course_work_2\course_work_2.csproj", "{DF788DDD-ACB5-41F0-BE02-E6D37D166F00}"
EndProject
Global
	GlobalSection(SolutionConfigurationPlatforms) = preSolution
		Debug|Any CPU = Debug|Any CPU
		Release|Any CPU = Release|Any CPU
	EndGlobalSection
	GlobalSection(ProjectConfigurationPlatforms) = postSolution
		{DF788DDD-ACB5-41F0-BE02-E6D37D166F00}.Debug|Any CPU.ActiveCfg = Debug|Any CPU
		{DF788DDD-ACB5-41F0-BE02-E6D37D166F00}.Debug|Any CPU.Build.0 = Debug|Any CPU
		{DF788DDD-ACB5-41F0-BE02-E6D37D166F00}.Release|Any CPU.ActiveCfg = Release|Any CPU
		{DF788DDD-ACB5-41F0-BE02-E6D37D166F00}.Release|Any CPU.Build.0 = Release|Any CPU
	EndGlobalSection
	GlobalSection(SolutionProperties) = preSolution
		HideSolutionNode = FALSE
	EndGlobalSection
	GlobalSection(ExtensibilityGlobals) = postSolution
		SolutionGuid = {E818A875-6357-445F-8AAB-12853D384B1A}
	EndGlobalSection
EndGlobal
